
Microsoft Visual Studio Solution File, Format Version 12.00
# Visual Studio 15
VisualStudioVersion = 15.0.28307.645
MinimumVisualStudioVersion = 10.0.40219.1
Project("{FAE04EC0-301F-11D3-BF4B-00C04F79EFBC}") = "DDAC", "DDAC\DDAC.csproj", "{C0C6BE17-3DCF-4AED-809B-5D444EC8D7C5}"
EndProject
Global
	GlobalSection(SolutionConfigurationPlatforms) = preSolution
		Debug|Any CPU = Debug|Any CPU
		Release|Any CPU = Release|Any CPU
	EndGlobalSection
	GlobalSection(ProjectConfigurationPlatforms) = postSolution
		{C0C6BE17-3DCF-4AED-809B-5D444EC8D7C5}.Debug|Any CPU.ActiveCfg = Debug|Any CPU
		{C0C6BE17-3DCF-4AED-809B-5D444EC8D7C5}.Debug|Any CPU.Build.0 = Debug|Any CPU
		{C0C6BE17-3DCF-4AED-809B-5D444EC8D7C5}.Release|Any CPU.ActiveCfg = Release|Any CPU
		{C0C6BE17-3DCF-4AED-809B-5D444EC8D7C5}.Release|Any CPU.Build.0 = Release|Any CPU
	EndGlobalSection
	GlobalSection(SolutionProperties) = preSolution
		HideSolutionNode = FALSE
	EndGlobalSection
	GlobalSection(ExtensibilityGlobals) = postSolution
		SolutionGuid = {A51D6AEF-E606-4D9D-BD17-C281E1222A80}
	EndGlobalSection
EndGlobal
